
Microsoft Visual Studio Solution File, Format Version 12.00
# Visual Studio 15
Project("{FAE04EC0-301F-11D3-BF4B-00C04F79EFBC}") = "navigation.Android", "navigation.Android\navigation.Android.csproj", "{694C2076-22BD-4C7E-83E3-8A1A8B76BB67}"
EndProject
Project("{FAE04EC0-301F-11D3-BF4B-00C04F79EFBC}") = "navigation.iOS", "navigation.iOS\navigation.iOS.csproj", "{417B77EB-51C1-4AC4-B6B7-B4D3CF169D93}"
EndProject
Project("{D954291E-2A0B-460D-934E-DC6B0785DB48}") = "navigation", "navigation\navigation.shproj", "{60046B91-49A0-41C4-9755-75FC3AB0D60C}"
EndProject
Global
	GlobalSection(SolutionConfigurationPlatforms) = preSolution
		Debug|Any CPU = Debug|Any CPU
		Release|Any CPU = Release|Any CPU
		Debug|iPhoneSimulator = Debug|iPhoneSimulator
		Release|iPhoneSimulator = Release|iPhoneSimulator
		Debug|iPhone = Debug|iPhone
		Release|iPhone = Release|iPhone
	EndGlobalSection
	GlobalSection(ProjectConfigurationPlatforms) = postSolution
		{694C2076-22BD-4C7E-83E3-8A1A8B76BB67}.Debug|Any CPU.ActiveCfg = Debug|Any CPU
		{694C2076-22BD-4C7E-83E3-8A1A8B76BB67}.Debug|Any CPU.Build.0 = Debug|Any CPU
		{694C2076-22BD-4C7E-83E3-8A1A8B76BB67}.Release|Any CPU.ActiveCfg = Release|Any CPU
		{694C2076-22BD-4C7E-83E3-8A1A8B76BB67}.Release|Any CPU.Build.0 = Release|Any CPU
		{694C2076-22BD-4C7E-83E3-8A1A8B76BB67}.Debug|iPhoneSimulator.ActiveCfg = Debug|Any CPU
		{694C2076-22BD-4C7E-83E3-8A1A8B76BB67}.Debug|iPhoneSimulator.Build.0 = Debug|Any CPU
		{694C2076-22BD-4C7E-83E3-8A1A8B76BB67}.Release|iPhoneSimulator.ActiveCfg = Release|Any CPU
		{694C2076-22BD-4C7E-83E3-8A1A8B76BB67}.Release|iPhoneSimulator.Build.0 = Release|Any CPU
		{694C2076-22BD-4C7E-83E3-8A1A8B76BB67}.Debug|iPhone.ActiveCfg = Debug|Any CPU
		{694C2076-22BD-4C7E-83E3-8A1A8B76BB67}.Debug|iPhone.Build.0 = Debug|Any CPU
		{694C2076-22BD-4C7E-83E3-8A1A8B76BB67}.Release|iPhone.ActiveCfg = Release|Any CPU
		{694C2076-22BD-4C7E-83E3-8A1A8B76BB67}.Release|iPhone.Build.0 = Release|Any CPU
		{417B77EB-51C1-4AC4-B6B7-B4D3CF169D93}.Debug|Any CPU.ActiveCfg = Debug|iPhoneSimulator
		{417B77EB-51C1-4AC4-B6B7-B4D3CF169D93}.Debug|Any CPU.Build.0 = Debug|iPhoneSimulator
		{417B77EB-51C1-4AC4-B6B7-B4D3CF169D93}.Release|Any CPU.ActiveCfg = Release|iPhoneSimulator
		{417B77EB-51C1-4AC4-B6B7-B4D3CF169D93}.Release|Any CPU.Build.0 = Release|iPhoneSimulator
		{417B77EB-51C1-4AC4-B6B7-B4D3CF169D93}.Debug|iPhoneSimulator.ActiveCfg = Debug|iPhoneSimulator
		{417B77EB-51C1-4AC4-B6B7-B4D3CF169D93}.Debug|iPhoneSimulator.Build.0 = Debug|iPhoneSimulator
		{417B77EB-51C1-4AC4-B6B7-B4D3CF169D93}.Release|iPhoneSimulator.ActiveCfg = Release|iPhoneSimulator
		{417B77EB-51C1-4AC4-B6B7-B4D3CF169D93}.Release|iPhoneSimulator.Build.0 = Release|iPhoneSimulator
		{417B77EB-51C1-4AC4-B6B7-B4D3CF169D93}.Debug|iPhone.ActiveCfg = Debug|iPhone
		{417B77EB-51C1-4AC4-B6B7-B4D3CF169D93}.Debug|iPhone.Build.0 = Debug|iPhone
		{417B77EB-51C1-4AC4-B6B7-B4D3CF169D93}.Release|iPhone.ActiveCfg = Release|iPhone
		{417B77EB-51C1-4AC4-B6B7-B4D3CF169D93}.Release|iPhone.Build.0 = Release|iPhone
	EndGlobalSection
EndGlobal
